
Microsoft Visual Studio Solution File, Format Version 12.00
# Visual Studio Version 16
VisualStudioVersion = 16.0.32510.428
MinimumVisualStudioVersion = 10.0.40219.1
Project("{FAE04EC0-301F-11D3-BF4B-00C04F79EFBC}") = "Monobank.Client", "Monobank.Client.csproj", "{960D7752-E15C-4B6D-B0F7-FF7656062BD0}"
EndProject
Global
	GlobalSection(SolutionConfigurationPlatforms) = preSolution
		Debug|Any CPU = Debug|Any CPU
		Release|Any CPU = Release|Any CPU
	EndGlobalSection
	GlobalSection(ProjectConfigurationPlatforms) = postSolution
		{960D7752-E15C-4B6D-B0F7-FF7656062BD0}.Debug|Any CPU.ActiveCfg = Debug|Any CPU
		{960D7752-E15C-4B6D-B0F7-FF7656062BD0}.Debug|Any CPU.Build.0 = Debug|Any CPU
		{960D7752-E15C-4B6D-B0F7-FF7656062BD0}.Release|Any CPU.ActiveCfg = Release|Any CPU
		{960D7752-E15C-4B6D-B0F7-FF7656062BD0}.Release|Any CPU.Build.0 = Release|Any CPU
	EndGlobalSection
	GlobalSection(SolutionProperties) = preSolution
		HideSolutionNode = FALSE
	EndGlobalSection
	GlobalSection(ExtensibilityGlobals) = postSolution
		SolutionGuid = {4B11FED8-A433-43B8-AAD0-BE033E72B909}
	EndGlobalSection
EndGlobal
